
Microsoft Visual Studio Solution File, Format Version 12.00
# Visual Studio Version 16
VisualStudioVersion = 16.0.29521.150
MinimumVisualStudioVersion = 10.0.40219.1
Project("{FAE04EC0-301F-11D3-BF4B-00C04F79EFBC}") = "PasswordApp", "PasswordApp\PasswordApp.csproj", "{B9E2B36B-1BB6-490A-B60B-7AE5AEE65AB4}"
EndProject
Project("{FAE04EC0-301F-11D3-BF4B-00C04F79EFBC}") = "PasswordApp.Tests", "PasswordApp.Tests\PasswordApp.Tests.csproj", "{7171BA67-A40A-4480-AB09-69C169492E40}"
EndProject
Global
	GlobalSection(SolutionConfigurationPlatforms) = preSolution
		Debug|Any CPU = Debug|Any CPU
		Release|Any CPU = Release|Any CPU
	EndGlobalSection
	GlobalSection(ProjectConfigurationPlatforms) = postSolution
		{B9E2B36B-1BB6-490A-B60B-7AE5AEE65AB4}.Debug|Any CPU.ActiveCfg = Debug|Any CPU
		{B9E2B36B-1BB6-490A-B60B-7AE5AEE65AB4}.Debug|Any CPU.Build.0 = Debug|Any CPU
		{B9E2B36B-1BB6-490A-B60B-7AE5AEE65AB4}.Release|Any CPU.ActiveCfg = Release|Any CPU
		{B9E2B36B-1BB6-490A-B60B-7AE5AEE65AB4}.Release|Any CPU.Build.0 = Release|Any CPU
		{7171BA67-A40A-4480-AB09-69C169492E40}.Debug|Any CPU.ActiveCfg = Debug|Any CPU
		{7171BA67-A40A-4480-AB09-69C169492E40}.Debug|Any CPU.Build.0 = Debug|Any CPU
		{7171BA67-A40A-4480-AB09-69C169492E40}.Release|Any CPU.ActiveCfg = Release|Any CPU
		{7171BA67-A40A-4480-AB09-69C169492E40}.Release|Any CPU.Build.0 = Release|Any CPU
	EndGlobalSection
	GlobalSection(SolutionProperties) = preSolution
		HideSolutionNode = FALSE
	EndGlobalSection
	GlobalSection(ExtensibilityGlobals) = postSolution
		SolutionGuid = {296F6C7B-92C1-44B6-A3D7-E9E04544CC8D}
	EndGlobalSection
EndGlobal
